
Microsoft Visual Studio Solution File, Format Version 12.00
# Visual Studio 15
VisualStudioVersion = 15.0.28307.329
MinimumVisualStudioVersion = 10.0.40219.1
Project("{FAE04EC0-301F-11D3-BF4B-00C04F79EFBC}") = "Delegates", "Delegates\Delegates.csproj", "{D3DECF7F-A90B-41D3-8090-6F31D0E07511}"
EndProject
Global
	GlobalSection(SolutionConfigurationPlatforms) = preSolution
		Debug|Any CPU = Debug|Any CPU
		Release|Any CPU = Release|Any CPU
	EndGlobalSection
	GlobalSection(ProjectConfigurationPlatforms) = postSolution
		{D3DECF7F-A90B-41D3-8090-6F31D0E07511}.Debug|Any CPU.ActiveCfg = Debug|Any CPU
		{D3DECF7F-A90B-41D3-8090-6F31D0E07511}.Debug|Any CPU.Build.0 = Debug|Any CPU
		{D3DECF7F-A90B-41D3-8090-6F31D0E07511}.Release|Any CPU.ActiveCfg = Release|Any CPU
		{D3DECF7F-A90B-41D3-8090-6F31D0E07511}.Release|Any CPU.Build.0 = Release|Any CPU
	EndGlobalSection
	GlobalSection(SolutionProperties) = preSolution
		HideSolutionNode = FALSE
	EndGlobalSection
	GlobalSection(ExtensibilityGlobals) = postSolution
		SolutionGuid = {CAB4298C-4EA6-4E47-AADD-348D7B209546}
	EndGlobalSection
EndGlobal
